
Microsoft Visual Studio Solution File, Format Version 12.00
# Visual Studio 15
VisualStudioVersion = 15.0.28307.329
MinimumVisualStudioVersion = 10.0.40219.1
Project("{FAE04EC0-301F-11D3-BF4B-00C04F79EFBC}") = "Family2020", "Family2020\Family2020.csproj", "{2550FC36-5DEE-418D-9B91-3811BA6FD99C}"
EndProject
Project("{FAE04EC0-301F-11D3-BF4B-00C04F79EFBC}") = "Family2020.Test", "Family2020.Test\Family2020.Test.csproj", "{591699FA-33E6-4029-9081-59E6AB7899EB}"
EndProject
Global
	GlobalSection(SolutionConfigurationPlatforms) = preSolution
		Debug|Any CPU = Debug|Any CPU
		Release|Any CPU = Release|Any CPU
	EndGlobalSection
	GlobalSection(ProjectConfigurationPlatforms) = postSolution
		{2550FC36-5DEE-418D-9B91-3811BA6FD99C}.Debug|Any CPU.ActiveCfg = Debug|Any CPU
		{2550FC36-5DEE-418D-9B91-3811BA6FD99C}.Debug|Any CPU.Build.0 = Debug|Any CPU
		{2550FC36-5DEE-418D-9B91-3811BA6FD99C}.Release|Any CPU.ActiveCfg = Release|Any CPU
		{2550FC36-5DEE-418D-9B91-3811BA6FD99C}.Release|Any CPU.Build.0 = Release|Any CPU
		{591699FA-33E6-4029-9081-59E6AB7899EB}.Debug|Any CPU.ActiveCfg = Debug|Any CPU
		{591699FA-33E6-4029-9081-59E6AB7899EB}.Debug|Any CPU.Build.0 = Debug|Any CPU
		{591699FA-33E6-4029-9081-59E6AB7899EB}.Release|Any CPU.ActiveCfg = Release|Any CPU
		{591699FA-33E6-4029-9081-59E6AB7899EB}.Release|Any CPU.Build.0 = Release|Any CPU
	EndGlobalSection
	GlobalSection(SolutionProperties) = preSolution
		HideSolutionNode = FALSE
	EndGlobalSection
	GlobalSection(ExtensibilityGlobals) = postSolution
		SolutionGuid = {4A1A9ED4-F486-4F8F-9FD5-3425ACDBD3A5}
	EndGlobalSection
EndGlobal
